
Microsoft Visual Studio Solution File, Format Version 12.00
# Visual Studio Version 16
VisualStudioVersion = 16.0.32413.511
MinimumVisualStudioVersion = 10.0.40219.1
Project("{FAE04EC0-301F-11D3-BF4B-00C04F79EFBC}") = "laba5", "laba5.csproj", "{12D871D1-3ADE-4A0F-9FD2-3F3C69C46D5C}"
EndProject
Global
	GlobalSection(SolutionConfigurationPlatforms) = preSolution
		Debug|Any CPU = Debug|Any CPU
		Release|Any CPU = Release|Any CPU
	EndGlobalSection
	GlobalSection(ProjectConfigurationPlatforms) = postSolution
		{12D871D1-3ADE-4A0F-9FD2-3F3C69C46D5C}.Debug|Any CPU.ActiveCfg = Debug|Any CPU
		{12D871D1-3ADE-4A0F-9FD2-3F3C69C46D5C}.Debug|Any CPU.Build.0 = Debug|Any CPU
		{12D871D1-3ADE-4A0F-9FD2-3F3C69C46D5C}.Release|Any CPU.ActiveCfg = Release|Any CPU
		{12D871D1-3ADE-4A0F-9FD2-3F3C69C46D5C}.Release|Any CPU.Build.0 = Release|Any CPU
	EndGlobalSection
	GlobalSection(SolutionProperties) = preSolution
		HideSolutionNode = FALSE
	EndGlobalSection
	GlobalSection(ExtensibilityGlobals) = postSolution
		SolutionGuid = {021F6313-C422-4B29-A024-7EEF5949C2A9}
	EndGlobalSection
EndGlobal
